
Microsoft Visual Studio Solution File, Format Version 12.00
# Visual Studio Version 17
VisualStudioVersion = 17.10.35027.167
MinimumVisualStudioVersion = 10.0.40219.1
Project("{FAE04EC0-301F-11D3-BF4B-00C04F79EFBC}") = "ASP.net FAQQs APP", "ASP.net FAQQs APP.csproj", "{2D15E753-CC7F-4B02-8400-EE082A82892B}"
EndProject
Global
	GlobalSection(SolutionConfigurationPlatforms) = preSolution
		Debug|Any CPU = Debug|Any CPU
		Release|Any CPU = Release|Any CPU
	EndGlobalSection
	GlobalSection(ProjectConfigurationPlatforms) = postSolution
		{2D15E753-CC7F-4B02-8400-EE082A82892B}.Debug|Any CPU.ActiveCfg = Debug|Any CPU
		{2D15E753-CC7F-4B02-8400-EE082A82892B}.Debug|Any CPU.Build.0 = Debug|Any CPU
		{2D15E753-CC7F-4B02-8400-EE082A82892B}.Release|Any CPU.ActiveCfg = Release|Any CPU
		{2D15E753-CC7F-4B02-8400-EE082A82892B}.Release|Any CPU.Build.0 = Release|Any CPU
	EndGlobalSection
	GlobalSection(SolutionProperties) = preSolution
		HideSolutionNode = FALSE
	EndGlobalSection
	GlobalSection(ExtensibilityGlobals) = postSolution
		SolutionGuid = {C5BEF4FD-4B10-4A44-A7F8-445E17314C3D}
	EndGlobalSection
EndGlobal
